PODS:
  - YJCocoa (1.0):
    - YJCocoa/Foundation (= 1.0)
    - YJCocoa/System (= 1.0)
  - YJCocoa/Foundation (1.0)
  - YJCocoa/System (1.0)

DEPENDENCIES:
  - YJCocoa (from `https://github.com/937447974/YJCocoa.git`, branch `developer`)

EXTERNAL SOURCES:
  YJCocoa:
    :branch: developer
    :git: https://github.com/937447974/YJCocoa.git

CHECKOUT OPTIONS:
  YJCocoa:
    :commit: e8576dcb7e8188b5f04b85f2a7d514753720e144
    :git: https://github.com/937447974/YJCocoa.git

SPEC CHECKSUMS:
  YJCocoa: a69334bf7d09e7eb813580a2cc80158706a6126a

COCOAPODS: 0.39.0
