// !$*UTF8*$!
{
	archiveVersion = 1;
	classes = {
	};
	objectVersion = 46;
	objects = {

/* Begin PBXBuildFile section */
		8452A4D51CA6511300BFDB57 /* main.m in Sources */ = {isa = PBXBuildFile; fileRef = 8452A4D41CA6511300BFDB57 /* main.m */; };
		8452A4D81CA6511300BFDB57 /* AppDelegate.m in Sources */ = {isa = PBXBuildFile; fileRef = 8452A4D71CA6511300BFDB57 /* AppDelegate.m */; };
		8452A4DE1CA6511300BFDB57 /* Main.storyboard in Resources */ = {isa = PBXBuildFile; fileRef = 8452A4DC1CA6511300BFDB57 /* Main.storyboard */; };
		8452A4E01CA6511300BFDB57 /* Assets.xcassets in Resources */ = {isa = PBXBuildFile; fileRef = 8452A4DF1CA6511300BFDB57 /* Assets.xcassets */; };
		8452A4E31CA6511300BFDB57 /* LaunchScreen.storyboard in Resources */ = {isa = PBXBuildFile; fileRef = 8452A4E11CA6511300BFDB57 /* LaunchScreen.storyboard */; };
		8452A4EE1CA6511300BFDB57 /* YJTableViewFactoryTests.m in Sources */ = {isa = PBXBuildFile; fileRef = 8452A4ED1CA6511300BFDB57 /* YJTableViewFactoryTests.m */; };
		8452A4F91CA6511300BFDB57 /* YJTableViewFactoryUITests.m in Sources */ = {isa = PBXBuildFile; fileRef = 8452A4F81CA6511300BFDB57 /* YJTableViewFactoryUITests.m */; };
		8452A5241CA6678300BFDB57 /* YJTableViewFactory.m in Sources */ = {isa = PBXBuildFile; fileRef = 8452A5231CA6678300BFDB57 /* YJTableViewFactory.m */; };
		8452A5461CA6A48000BFDB57 /* YJTableViewCell.m in Sources */ = {isa = PBXBuildFile; fileRef = 8452A5441CA6A48000BFDB57 /* YJTableViewCell.m */; };
		8452A5471CA6A48000BFDB57 /* YJTableViewCell.xib in Resources */ = {isa = PBXBuildFile; fileRef = 8452A5451CA6A48000BFDB57 /* YJTableViewCell.xib */; };
		8452A54A1CA6A6D500BFDB57 /* YJTableViewCellModel.m in Sources */ = {isa = PBXBuildFile; fileRef = 8452A5491CA6A6D500BFDB57 /* YJTableViewCellModel.m */; };
		8452A54D1CA6A70100BFDB57 /* YJTableViewCellObject.m in Sources */ = {isa = PBXBuildFile; fileRef = 8452A54C1CA6A70100BFDB57 /* YJTableViewCellObject.m */; };
		8452A5501CA6A72700BFDB57 /* YJFirstViewController.m in Sources */ = {isa = PBXBuildFile; fileRef = 8452A54F1CA6A72700BFDB57 /* YJFirstViewController.m */; };
		8452A5531CA6A74500BFDB57 /* YJSecondViewController.m in Sources */ = {isa = PBXBuildFile; fileRef = 8452A5521CA6A74500BFDB57 /* YJSecondViewController.m */; };
		847DBEAC1CA8E45C0006B71B /* YJCellObject.m in Sources */ = {isa = PBXBuildFile; fileRef = 847DBE9E1CA8E45C0006B71B /* YJCellObject.m */; };
		847DBEAD1CA8E45C0006B71B /* YJTableViewDataSource.m in Sources */ = {isa = PBXBuildFile; fileRef = 847DBEA11CA8E45C0006B71B /* YJTableViewDataSource.m */; };
		847DBEAE1CA8E45C0006B71B /* YJTableViewDataSourceGrouped.m in Sources */ = {isa = PBXBuildFile; fileRef = 847DBEA31CA8E45C0006B71B /* YJTableViewDataSourceGrouped.m */; };
		847DBEAF1CA8E45C0006B71B /* YJTableViewDataSourcePlain.m in Sources */ = {isa = PBXBuildFile; fileRef = 847DBEA51CA8E45C0006B71B /* YJTableViewDataSourcePlain.m */; };
		847DBEB01CA8E45C0006B71B /* YJTableViewDelegate.m in Sources */ = {isa = PBXBuildFile; fileRef = 847DBEA81CA8E45C0006B71B /* YJTableViewDelegate.m */; };
		847DBEB11CA8E45C0006B71B /* UITableViewCell+YJTableViewFactory.m in Sources */ = {isa = PBXBuildFile; fileRef = 847DBEAB1CA8E45C0006B71B /* UITableViewCell+YJTableViewFactory.m */; };
/* End PBXBuildFile section */

/* Begin PBXContainerItemProxy section */
		8452A4EA1CA6511300BFDB57 /* PBXContainerItemProxy */ = {
			isa = PBXContainerItemProxy;
			containerPortal = 8452A4C81CA6511300BFDB57 /* Project object */;
			proxyType = 1;
			remoteGlobalIDString = 8452A4CF1CA6511300BFDB57;
			remoteInfo = YJTableViewFactory;
		};
		8452A4F51CA6511300BFDB57 /* PBXContainerItemProxy */ = {
			isa = PBXContainerItemProxy;
			containerPortal = 8452A4C81CA6511300BFDB57 /* Project object */;
			proxyType = 1;
			remoteGlobalIDString = 8452A4CF1CA6511300BFDB57;
			remoteInfo = YJTableViewFactory;
		};
/* End PBXContainerItemProxy section */

/* Begin PBXFileReference section */
		8452A4D01CA6511300BFDB57 /* YJTableViewFactory.app */ = {isa = PBXFileReference; explicitFileType = wrapper.application; includeInIndex = 0; path = YJTableViewFactory.app; sourceTree = BUILT_PRODUCTS_DIR; };
		8452A4D41CA6511300BFDB57 /* main.m */ = {isa = PBXFileReference; lastKnownFileType = sourcecode.c.objc; path = main.m; sourceTree = "<group>"; };
		8452A4D61CA6511300BFDB57 /* AppDelegate.h */ = {isa = PBXFileReference; lastKnownFileType = sourcecode.c.h; path = AppDelegate.h; sourceTree = "<group>"; };
		8452A4D71CA6511300BFDB57 /* AppDelegate.m */ = {isa = PBXFileReference; lastKnownFileType = sourcecode.c.objc; path = AppDelegate.m; sourceTree = "<group>"; };
		8452A4DD1CA6511300BFDB57 /* Base */ = {isa = PBXFileReference; lastKnownFileType = file.storyboard; name = Base; path = Base.lproj/Main.storyboard; sourceTree = "<group>"; };
		8452A4DF1CA6511300BFDB57 /* Assets.xcassets */ = {isa = PBXFileReference; lastKnownFileType = folder.assetcatalog; path = Assets.xcassets; sourceTree = "<group>"; };
		8452A4E21CA6511300BFDB57 /* Base */ = {isa = PBXFileReference; lastKnownFileType = file.storyboard; name = Base; path = Base.lproj/LaunchScreen.storyboard; sourceTree = "<group>"; };
		8452A4E41CA6511300BFDB57 /* Info.plist */ = {isa = PBXFileReference; lastKnownFileType = text.plist.xml; path = Info.plist; sourceTree = "<group>"; };
		8452A4E91CA6511300BFDB57 /* YJTableViewFactoryTests.xctest */ = {isa = PBXFileReference; explicitFileType = wrapper.cfbundle; includeInIndex = 0; path = YJTableViewFactoryTests.xctest; sourceTree = BUILT_PRODUCTS_DIR; };
		8452A4ED1CA6511300BFDB57 /* YJTableViewFactoryTests.m */ = {isa = PBXFileReference; lastKnownFileType = sourcecode.c.objc; path = YJTableViewFactoryTests.m; sourceTree = "<group>"; };
		8452A4EF1CA6511300BFDB57 /* Info.plist */ = {isa = PBXFileReference; lastKnownFileType = text.plist.xml; path = Info.plist; sourceTree = "<group>"; };
		8452A4F41CA6511300BFDB57 /* YJTableViewFactoryUITests.xctest */ = {isa = PBXFileReference; explicitFileType = wrapper.cfbundle; includeInIndex = 0; path = YJTableViewFactoryUITests.xctest; sourceTree = BUILT_PRODUCTS_DIR; };
		8452A4F81CA6511300BFDB57 /* YJTableViewFactoryUITests.m */ = {isa = PBXFileReference; lastKnownFileType = sourcecode.c.objc; path = YJTableViewFactoryUITests.m; sourceTree = "<group>"; };
		8452A4FA1CA6511300BFDB57 /* Info.plist */ = {isa = PBXFileReference; lastKnownFileType = text.plist.xml; path = Info.plist; sourceTree = "<group>"; };
		8452A5221CA6678300BFDB57 /* YJTableViewFactory.h */ = {isa = PBXFileReference; fileEncoding = 4; lastKnownFileType = sourcecode.c.h; path = YJTableViewFactory.h; sourceTree = "<group>"; };
		8452A5231CA6678300BFDB57 /* YJTableViewFactory.m */ = {isa = PBXFileReference; fileEncoding = 4; lastKnownFileType = sourcecode.c.objc; path = YJTableViewFactory.m; sourceTree = "<group>"; };
		8452A5431CA6A48000BFDB57 /* YJTableViewCell.h */ = {isa = PBXFileReference; fileEncoding = 4; lastKnownFileType = sourcecode.c.h; path = YJTableViewCell.h; sourceTree = "<group>"; };
		8452A5441CA6A48000BFDB57 /* YJTableViewCell.m */ = {isa = PBXFileReference; fileEncoding = 4; lastKnownFileType = sourcecode.c.objc; path = YJTableViewCell.m; sourceTree = "<group>"; };
		8452A5451CA6A48000BFDB57 /* YJTableViewCell.xib */ = {isa = PBXFileReference; fileEncoding = 4; lastKnownFileType = file.xib; path = YJTableViewCell.xib; sourceTree = "<group>"; };
		8452A5481CA6A6D500BFDB57 /* YJTableViewCellModel.h */ = {isa = PBXFileReference; fileEncoding = 4; lastKnownFileType = sourcecode.c.h; path = YJTableViewCellModel.h; sourceTree = "<group>"; };
		8452A5491CA6A6D500BFDB57 /* YJTableViewCellModel.m */ = {isa = PBXFileReference; fileEncoding = 4; lastKnownFileType = sourcecode.c.objc; path = YJTableViewCellModel.m; sourceTree = "<group>"; };
		8452A54B1CA6A70100BFDB57 /* YJTableViewCellObject.h */ = {isa = PBXFileReference; fileEncoding = 4; lastKnownFileType = sourcecode.c.h; path = YJTableViewCellObject.h; sourceTree = "<group>"; };
		8452A54C1CA6A70100BFDB57 /* YJTableViewCellObject.m */ = {isa = PBXFileReference; fileEncoding = 4; lastKnownFileType = sourcecode.c.objc; path = YJTableViewCellObject.m; sourceTree = "<group>"; };
		8452A54E1CA6A72700BFDB57 /* YJFirstViewController.h */ = {isa = PBXFileReference; fileEncoding = 4; lastKnownFileType = sourcecode.c.h; path = YJFirstViewController.h; sourceTree = "<group>"; };
		8452A54F1CA6A72700BFDB57 /* YJFirstViewController.m */ = {isa = PBXFileReference; fileEncoding = 4; lastKnownFileType = sourcecode.c.objc; path = YJFirstViewController.m; sourceTree = "<group>"; };
		8452A5511CA6A74500BFDB57 /* YJSecondViewController.h */ = {isa = PBXFileReference; fileEncoding = 4; lastKnownFileType = sourcecode.c.h; path = YJSecondViewController.h; sourceTree = "<group>"; };
		8452A5521CA6A74500BFDB57 /* YJSecondViewController.m */ = {isa = PBXFileReference; fileEncoding = 4; lastKnownFileType = sourcecode.c.objc; path = YJSecondViewController.m; sourceTree = "<group>"; };
		847DBE9D1CA8E45C0006B71B /* YJCellObject.h */ = {isa = PBXFileReference; fileEncoding = 4; lastKnownFileType = sourcecode.c.h; path = YJCellObject.h; sourceTree = "<group>"; };
		847DBE9E1CA8E45C0006B71B /* YJCellObject.m */ = {isa = PBXFileReference; fileEncoding = 4; lastKnownFileType = sourcecode.c.objc; path = YJCellObject.m; sourceTree = "<group>"; };
		847DBEA01CA8E45C0006B71B /* YJTableViewDataSource.h */ = {isa = PBXFileReference; fileEncoding = 4; lastKnownFileType = sourcecode.c.h; path = YJTableViewDataSource.h; sourceTree = "<group>"; };
		847DBEA11CA8E45C0006B71B /* YJTableViewDataSource.m */ = {isa = PBXFileReference; fileEncoding = 4; lastKnownFileType = sourcecode.c.objc; path = YJTableViewDataSource.m; sourceTree = "<group>"; };
		847DBEA21CA8E45C0006B71B /* YJTableViewDataSourceGrouped.h */ = {isa = PBXFileReference; fileEncoding = 4; lastKnownFileType = sourcecode.c.h; path = YJTableViewDataSourceGrouped.h; sourceTree = "<group>"; };
		847DBEA31CA8E45C0006B71B /* YJTableViewDataSourceGrouped.m */ = {isa = PBXFileReference; fileEncoding = 4; lastKnownFileType = sourcecode.c.objc; path = YJTableViewDataSourceGrouped.m; sourceTree = "<group>"; };
		847DBEA41CA8E45C0006B71B /* YJTableViewDataSourcePlain.h */ = {isa = PBXFileReference; fileEncoding = 4; lastKnownFileType = sourcecode.c.h; path = YJTableViewDataSourcePlain.h; sourceTree = "<group>"; };
		847DBEA51CA8E45C0006B71B /* YJTableViewDataSourcePlain.m */ = {isa = PBXFileReference; fileEncoding = 4; lastKnownFileType = sourcecode.c.objc; path = YJTableViewDataSourcePlain.m; sourceTree = "<group>"; };
		847DBEA71CA8E45C0006B71B /* YJTableViewDelegate.h */ = {isa = PBXFileReference; fileEncoding = 4; lastKnownFileType = sourcecode.c.h; path = YJTableViewDelegate.h; sourceTree = "<group>"; };
		847DBEA81CA8E45C0006B71B /* YJTableViewDelegate.m */ = {isa = PBXFileReference; fileEncoding = 4; lastKnownFileType = sourcecode.c.objc; path = YJTableViewDelegate.m; sourceTree = "<group>"; };
		847DBEAA1CA8E45C0006B71B /* UITableViewCell+YJTableViewFactory.h */ = {isa = PBXFileReference; fileEncoding = 4; lastKnownFileType = sourcecode.c.h; path = "UITableViewCell+YJTableViewFactory.h"; sourceTree = "<group>"; };
		847DBEAB1CA8E45C0006B71B /* UITableViewCell+YJTableViewFactory.m */ = {isa = PBXFileReference; fileEncoding = 4; lastKnownFileType = sourcecode.c.objc; path = "UITableViewCell+YJTableViewFactory.m"; sourceTree = "<group>"; };
/* End PBXFileReference section */

/* Begin PBXFrameworksBuildPhase section */
		8452A4CD1CA6511300BFDB57 /* Frameworks */ = {
			isa = PBXFrameworksBuildPhase;
			buildActionMask = 2147483647;
			files = (
			);
			runOnlyForDeploymentPostprocessing = 0;
		};
		8452A4E61CA6511300BFDB57 /* Frameworks */ = {
			isa = PBXFrameworksBuildPhase;
			buildActionMask = 2147483647;
			files = (
			);
			runOnlyForDeploymentPostprocessing = 0;
		};
		8452A4F11CA6511300BFDB57 /* Frameworks */ = {
			isa = PBXFrameworksBuildPhase;
			buildActionMask = 2147483647;
			files = (
			);
			runOnlyForDeploymentPostprocessing = 0;
		};
/* End PBXFrameworksBuildPhase section */

/* Begin PBXGroup section */
		8452A4C71CA6511300BFDB57 = {
			isa = PBXGroup;
			children = (
				8452A4D21CA6511300BFDB57 /* YJTableViewFactory */,
				8452A4EC1CA6511300BFDB57 /* YJTableViewFactoryTests */,
				8452A4F71CA6511300BFDB57 /* YJTableViewFactoryUITests */,
				8452A4D11CA6511300BFDB57 /* Products */,
			);
			sourceTree = "<group>";
		};
		8452A4D11CA6511300BFDB57 /* Products */ = {
			isa = PBXGroup;
			children = (
				8452A4D01CA6511300BFDB57 /* YJTableViewFactory.app */,
				8452A4E91CA6511300BFDB57 /* YJTableViewFactoryTests.xctest */,
				8452A4F41CA6511300BFDB57 /* YJTableViewFactoryUITests.xctest */,
			);
			name = Products;
			sourceTree = "<group>";
		};
		8452A4D21CA6511300BFDB57 /* YJTableViewFactory */ = {
			isa = PBXGroup;
			children = (
				8452A53D1CA6959A00BFDB57 /* CellObject */,
				8452A53C1CA6958500BFDB57 /* CellModel */,
				8452A53B1CA6957B00BFDB57 /* Cell */,
				8452A4D61CA6511300BFDB57 /* AppDelegate.h */,
				8452A4D71CA6511300BFDB57 /* AppDelegate.m */,
				8452A5251CA6729700BFDB57 /* ViewController */,
				8452A5211CA6678300BFDB57 /* Classes */,
				8452A5261CA672AE00BFDB57 /* Recources */,
				8452A4D31CA6511300BFDB57 /* Supporting Files */,
			);
			path = YJTableViewFactory;
			sourceTree = "<group>";
		};
		8452A4D31CA6511300BFDB57 /* Supporting Files */ = {
			isa = PBXGroup;
			children = (
				8452A4E41CA6511300BFDB57 /* Info.plist */,
				8452A4D41CA6511300BFDB57 /* main.m */,
			);
			name = "Supporting Files";
			sourceTree = "<group>";
		};
		8452A4EC1CA6511300BFDB57 /* YJTableViewFactoryTests */ = {
			isa = PBXGroup;
			children = (
				8452A4ED1CA6511300BFDB57 /* YJTableViewFactoryTests.m */,
				8452A4EF1CA6511300BFDB57 /* Info.plist */,
			);
			path = YJTableViewFactoryTests;
			sourceTree = "<group>";
		};
		8452A4F71CA6511300BFDB57 /* YJTableViewFactoryUITests */ = {
			isa = PBXGroup;
			children = (
				8452A4F81CA6511300BFDB57 /* YJTableViewFactoryUITests.m */,
				8452A4FA1CA6511300BFDB57 /* Info.plist */,
			);
			path = YJTableViewFactoryUITests;
			sourceTree = "<group>";
		};
		8452A5211CA6678300BFDB57 /* Classes */ = {
			isa = PBXGroup;
			children = (
				847DBE9C1CA8E45C0006B71B /* CellObject */,
				847DBE9F1CA8E45C0006B71B /* DataSource */,
				847DBEA61CA8E45C0006B71B /* Delegate */,
				847DBEA91CA8E45C0006B71B /* Extend */,
				8452A5221CA6678300BFDB57 /* YJTableViewFactory.h */,
				8452A5231CA6678300BFDB57 /* YJTableViewFactory.m */,
			);
			name = Classes;
			path = ../../Classes;
			sourceTree = "<group>";
		};
		8452A5251CA6729700BFDB57 /* ViewController */ = {
			isa = PBXGroup;
			children = (
				8452A54E1CA6A72700BFDB57 /* YJFirstViewController.h */,
				8452A54F1CA6A72700BFDB57 /* YJFirstViewController.m */,
				8452A5511CA6A74500BFDB57 /* YJSecondViewController.h */,
				8452A5521CA6A74500BFDB57 /* YJSecondViewController.m */,
			);
			name = ViewController;
			sourceTree = "<group>";
		};
		8452A5261CA672AE00BFDB57 /* Recources */ = {
			isa = PBXGroup;
			children = (
				8452A4DF1CA6511300BFDB57 /* Assets.xcassets */,
				8452A4DC1CA6511300BFDB57 /* Main.storyboard */,
				8452A4E11CA6511300BFDB57 /* LaunchScreen.storyboard */,
			);
			name = Recources;
			sourceTree = "<group>";
		};
		8452A53B1CA6957B00BFDB57 /* Cell */ = {
			isa = PBXGroup;
			children = (
				8452A5431CA6A48000BFDB57 /* YJTableViewCell.h */,
				8452A5441CA6A48000BFDB57 /* YJTableViewCell.m */,
				8452A5451CA6A48000BFDB57 /* YJTableViewCell.xib */,
			);
			name = Cell;
			sourceTree = "<group>";
		};
		8452A53C1CA6958500BFDB57 /* CellModel */ = {
			isa = PBXGroup;
			children = (
				8452A5481CA6A6D500BFDB57 /* YJTableViewCellModel.h */,
				8452A5491CA6A6D500BFDB57 /* YJTableViewCellModel.m */,
			);
			name = CellModel;
			sourceTree = "<group>";
		};
		8452A53D1CA6959A00BFDB57 /* CellObject */ = {
			isa = PBXGroup;
			children = (
				8452A54B1CA6A70100BFDB57 /* YJTableViewCellObject.h */,
				8452A54C1CA6A70100BFDB57 /* YJTableViewCellObject.m */,
			);
			name = CellObject;
			sourceTree = "<group>";
		};
		847DBE9C1CA8E45C0006B71B /* CellObject */ = {
			isa = PBXGroup;
			children = (
				847DBE9D1CA8E45C0006B71B /* YJCellObject.h */,
				847DBE9E1CA8E45C0006B71B /* YJCellObject.m */,
			);
			path = CellObject;
			sourceTree = "<group>";
		};
		847DBE9F1CA8E45C0006B71B /* DataSource */ = {
			isa = PBXGroup;
			children = (
				847DBEA01CA8E45C0006B71B /* YJTableViewDataSource.h */,
				847DBEA11CA8E45C0006B71B /* YJTableViewDataSource.m */,
				847DBEA21CA8E45C0006B71B /* YJTableViewDataSourceGrouped.h */,
				847DBEA31CA8E45C0006B71B /* YJTableViewDataSourceGrouped.m */,
				847DBEA41CA8E45C0006B71B /* YJTableViewDataSourcePlain.h */,
				847DBEA51CA8E45C0006B71B /* YJTableViewDataSourcePlain.m */,
			);
			path = DataSource;
			sourceTree = "<group>";
		};
		847DBEA61CA8E45C0006B71B /* Delegate */ = {
			isa = PBXGroup;
			children = (
				847DBEA71CA8E45C0006B71B /* YJTableViewDelegate.h */,
				847DBEA81CA8E45C0006B71B /* YJTableViewDelegate.m */,
			);
			path = Delegate;
			sourceTree = "<group>";
		};
		847DBEA91CA8E45C0006B71B /* Extend */ = {
			isa = PBXGroup;
			children = (
				847DBEAA1CA8E45C0006B71B /* UITableViewCell+YJTableViewFactory.h */,
				847DBEAB1CA8E45C0006B71B /* UITableViewCell+YJTableViewFactory.m */,
			);
			path = Extend;
			sourceTree = "<group>";
		};
/* End PBXGroup section */

/* Begin PBXNativeTarget section */
		8452A4CF1CA6511300BFDB57 /* YJTableViewFactory */ = {
			isa = PBXNativeTarget;
			buildConfigurationList = 8452A4FD1CA6511300BFDB57 /* Build configuration list for PBXNativeTarget "YJTableViewFactory" */;
			buildPhases = (
				8452A4CC1CA6511300BFDB57 /* Sources */,
				8452A4CD1CA6511300BFDB57 /* Frameworks */,
				8452A4CE1CA6511300BFDB57 /* Resources */,
			);
			buildRules = (
			);
			dependencies = (
			);
			name = YJTableViewFactory;
			productName = YJTableViewFactory;
			productReference = 8452A4D01CA6511300BFDB57 /* YJTableViewFactory.app */;
			productType = "com.apple.product-type.application";
		};
		8452A4E81CA6511300BFDB57 /* YJTableViewFactoryTests */ = {
			isa = PBXNativeTarget;
			buildConfigurationList = 8452A5001CA6511300BFDB57 /* Build configuration list for PBXNativeTarget "YJTableViewFactoryTests" */;
			buildPhases = (
				8452A4E51CA6511300BFDB57 /* Sources */,
				8452A4E61CA6511300BFDB57 /* Frameworks */,
				8452A4E71CA6511300BFDB57 /* Resources */,
			);
			buildRules = (
			);
			dependencies = (
				8452A4EB1CA6511300BFDB57 /* PBXTargetDependency */,
			);
			name = YJTableViewFactoryTests;
			productName = YJTableViewFactoryTests;
			productReference = 8452A4E91CA6511300BFDB57 /* YJTableViewFactoryTests.xctest */;
			productType = "com.apple.product-type.bundle.unit-test";
		};
		8452A4F31CA6511300BFDB57 /* YJTableViewFactoryUITests */ = {
			isa = PBXNativeTarget;
			buildConfigurationList = 8452A5031CA6511300BFDB57 /* Build configuration list for PBXNativeTarget "YJTableViewFactoryUITests" */;
			buildPhases = (
				8452A4F01CA6511300BFDB57 /* Sources */,
				8452A4F11CA6511300BFDB57 /* Frameworks */,
				8452A4F21CA6511300BFDB57 /* Resources */,
			);
			buildRules = (
			);
			dependencies = (
				8452A4F61CA6511300BFDB57 /* PBXTargetDependency */,
			);
			name = YJTableViewFactoryUITests;
			productName = YJTableViewFactoryUITests;
			productReference = 8452A4F41CA6511300BFDB57 /* YJTableViewFactoryUITests.xctest */;
			productType = "com.apple.product-type.bundle.ui-testing";
		};
/* End PBXNativeTarget section */

/* Begin PBXProject section */
		8452A4C81CA6511300BFDB57 /* Project object */ = {
			isa = PBXProject;
			attributes = {
				CLASSPREFIX = YJ;
				LastUpgradeCheck = 0730;
				ORGANIZATIONNAME = YJFactory;
				TargetAttributes = {
					8452A4CF1CA6511300BFDB57 = {
						CreatedOnToolsVersion = 7.3;
					};
					8452A4E81CA6511300BFDB57 = {
						CreatedOnToolsVersion = 7.3;
						TestTargetID = 8452A4CF1CA6511300BFDB57;
					};
					8452A4F31CA6511300BFDB57 = {
						CreatedOnToolsVersion = 7.3;
						TestTargetID = 8452A4CF1CA6511300BFDB57;
					};
				};
			};
			buildConfigurationList = 8452A4CB1CA6511300BFDB57 /* Build configuration list for PBXProject "YJTableViewFactory" */;
			compatibilityVersion = "Xcode 3.2";
			developmentRegion = English;
			hasScannedForEncodings = 0;
			knownRegions = (
				en,
				Base,
			);
			mainGroup = 8452A4C71CA6511300BFDB57;
			productRefGroup = 8452A4D11CA6511300BFDB57 /* Products */;
			projectDirPath = "";
			projectRoot = "";
			targets = (
				8452A4CF1CA6511300BFDB57 /* YJTableViewFactory */,
				8452A4E81CA6511300BFDB57 /* YJTableViewFactoryTests */,
				8452A4F31CA6511300BFDB57 /* YJTableViewFactoryUITests */,
			);
		};
/* End PBXProject section */

/* Begin PBXResourcesBuildPhase section */
		8452A4CE1CA6511300BFDB57 /* Resources */ = {
			isa = PBXResourcesBuildPhase;
			buildActionMask = 2147483647;
			files = (
				8452A4E31CA6511300BFDB57 /* LaunchScreen.storyboard in Resources */,
				8452A4E01CA6511300BFDB57 /* Assets.xcassets in Resources */,
				8452A5471CA6A48000BFDB57 /* YJTableViewCell.xib in Resources */,
				8452A4DE1CA6511300BFDB57 /* Main.storyboard in Resources */,
			);
			runOnlyForDeploymentPostprocessing = 0;
		};
		8452A4E71CA6511300BFDB57 /* Resources */ = {
			isa = PBXResourcesBuildPhase;
			buildActionMask = 2147483647;
			files = (
			);
			runOnlyForDeploymentPostprocessing = 0;
		};
		8452A4F21CA6511300BFDB57 /* Resources */ = {
			isa = PBXResourcesBuildPhase;
			buildActionMask = 2147483647;
			files = (
			);
			runOnlyForDeploymentPostprocessing = 0;
		};
/* End PBXResourcesBuildPhase section */

/* Begin PBXSourcesBuildPhase section */
		8452A4CC1CA6511300BFDB57 /* Sources */ = {
			isa = PBXSourcesBuildPhase;
			buildActionMask = 2147483647;
			files = (
				847DBEAF1CA8E45C0006B71B /* YJTableViewDataSourcePlain.m in Sources */,
				847DBEAE1CA8E45C0006B71B /* YJTableViewDataSourceGrouped.m in Sources */,
				8452A54A1CA6A6D500BFDB57 /* YJTableViewCellModel.m in Sources */,
				847DBEB01CA8E45C0006B71B /* YJTableViewDelegate.m in Sources */,
				8452A5501CA6A72700BFDB57 /* YJFirstViewController.m in Sources */,
				8452A5461CA6A48000BFDB57 /* YJTableViewCell.m in Sources */,
				847DBEAD1CA8E45C0006B71B /* YJTableViewDataSource.m in Sources */,
				847DBEB11CA8E45C0006B71B /* UITableViewCell+YJTableViewFactory.m in Sources */,
				847DBEAC1CA8E45C0006B71B /* YJCellObject.m in Sources */,
				8452A5241CA6678300BFDB57 /* YJTableViewFactory.m in Sources */,
				8452A4D81CA6511300BFDB57 /* AppDelegate.m in Sources */,
				8452A5531CA6A74500BFDB57 /* YJSecondViewController.m in Sources */,
				8452A54D1CA6A70100BFDB57 /* YJTableViewCellObject.m in Sources */,
				8452A4D51CA6511300BFDB57 /* main.m in Sources */,
			);
			runOnlyForDeploymentPostprocessing = 0;
		};
		8452A4E51CA6511300BFDB57 /* Sources */ = {
			isa = PBXSourcesBuildPhase;
			buildActionMask = 2147483647;
			files = (
				8452A4EE1CA6511300BFDB57 /* YJTableViewFactoryTests.m in Sources */,
			);
			runOnlyForDeploymentPostprocessing = 0;
		};
		8452A4F01CA6511300BFDB57 /* Sources */ = {
			isa = PBXSourcesBuildPhase;
			buildActionMask = 2147483647;
			files = (
				8452A4F91CA6511300BFDB57 /* YJTableViewFactoryUITests.m in Sources */,
			);
			runOnlyForDeploymentPostprocessing = 0;
		};
/* End PBXSourcesBuildPhase section */

/* Begin PBXTargetDependency section */
		8452A4EB1CA6511300BFDB57 /* PBXTargetDependency */ = {
			isa = PBXTargetDependency;
			target = 8452A4CF1CA6511300BFDB57 /* YJTableViewFactory */;
			targetProxy = 8452A4EA1CA6511300BFDB57 /* PBXContainerItemProxy */;
		};
		8452A4F61CA6511300BFDB57 /* PBXTargetDependency */ = {
			isa = PBXTargetDependency;
			target = 8452A4CF1CA6511300BFDB57 /* YJTableViewFactory */;
			targetProxy = 8452A4F51CA6511300BFDB57 /* PBXContainerItemProxy */;
		};
/* End PBXTargetDependency section */

/* Begin PBXVariantGroup section */
		8452A4DC1CA6511300BFDB57 /* Main.storyboard */ = {
			isa = PBXVariantGroup;
			children = (
				8452A4DD1CA6511300BFDB57 /* Base */,
			);
			name = Main.storyboard;
			sourceTree = "<group>";
		};
		8452A4E11CA6511300BFDB57 /* LaunchScreen.storyboard */ = {
			isa = PBXVariantGroup;
			children = (
				8452A4E21CA6511300BFDB57 /* Base */,
			);
			name = LaunchScreen.storyboard;
			sourceTree = "<group>";
		};
/* End PBXVariantGroup section */

/* Begin XCBuildConfiguration section */
		8452A4FB1CA6511300BFDB57 /* Debug */ = {
			isa = XCBuildConfiguration;
			buildSettings = {
				ALWAYS_SEARCH_USER_PATHS = NO;
				CLANG_ANALYZER_NONNULL = YES;
				CLANG_CXX_LANGUAGE_STANDARD = "gnu++0x";
				CLANG_CXX_LIBRARY = "libc++";
				CLANG_ENABLE_MODULES = YES;
				CLANG_ENABLE_OBJC_ARC = YES;
				CLANG_WARN_BOOL_CONVERSION = YES;
				CLANG_WARN_CONSTANT_CONVERSION = YES;
				CLANG_WARN_DIRECT_OBJC_ISA_USAGE = YES_ERROR;
				CLANG_WARN_EMPTY_BODY = YES;
				CLANG_WARN_ENUM_CONVERSION = YES;
				CLANG_WARN_INT_CONVERSION = YES;
				CLANG_WARN_OBJC_ROOT_CLASS = YES_ERROR;
				CLANG_WARN_UNREACHABLE_CODE = YES;
				CLANG_WARN__DUPLICATE_METHOD_MATCH = YES;
				"CODE_SIGN_IDENTITY[sdk=iphoneos*]" = "iPhone Developer";
				COPY_PHASE_STRIP = NO;
				DEBUG_INFORMATION_FORMAT = dwarf;
				ENABLE_STRICT_OBJC_MSGSEND = YES;
				ENABLE_TESTABILITY = YES;
				GCC_C_LANGUAGE_STANDARD = gnu99;
				GCC_DYNAMIC_NO_PIC = NO;
				GCC_NO_COMMON_BLOCKS = YES;
				GCC_OPTIMIZATION_LEVEL = 0;
				GCC_PREPROCESSOR_DEFINITIONS = (
					"DEBUG=1",
					"$(inherited)",
				);
				GCC_WARN_64_TO_32_BIT_CONVERSION = YES;
				GCC_WARN_ABOUT_RETURN_TYPE = YES_ERROR;
				GCC_WARN_UNDECLARED_SELECTOR = YES;
				GCC_WARN_UNINITIALIZED_AUTOS = YES_AGGRESSIVE;
				GCC_WARN_UNUSED_FUNCTION = YES;
				GCC_WARN_UNUSED_VARIABLE = YES;
				IPHONEOS_DEPLOYMENT_TARGET = 9.3;
				MTL_ENABLE_DEBUG_INFO = YES;
				ONLY_ACTIVE_ARCH = YES;
				SDKROOT = iphoneos;
				TARGETED_DEVICE_FAMILY = "1,2";
			};
			name = Debug;
		};
		8452A4FC1CA6511300BFDB57 /* Release */ = {
			isa = XCBuildConfiguration;
			buildSettings = {
				ALWAYS_SEARCH_USER_PATHS = NO;
				CLANG_ANALYZER_NONNULL = YES;
				CLANG_CXX_LANGUAGE_STANDARD = "gnu++0x";
				CLANG_CXX_LIBRARY = "libc++";
				CLANG_ENABLE_MODULES = YES;
				CLANG_ENABLE_OBJC_ARC = YES;
				CLANG_WARN_BOOL_CONVERSION = YES;
				CLANG_WARN_CONSTANT_CONVERSION = YES;
				CLANG_WARN_DIRECT_OBJC_ISA_USAGE = YES_ERROR;
				CLANG_WARN_EMPTY_BODY = YES;
				CLANG_WARN_ENUM_CONVERSION = YES;
				CLANG_WARN_INT_CONVERSION = YES;
				CLANG_WARN_OBJC_ROOT_CLASS = YES_ERROR;
				CLANG_WARN_UNREACHABLE_CODE = YES;
				CLANG_WARN__DUPLICATE_METHOD_MATCH = YES;
				"CODE_SIGN_IDENTITY[sdk=iphoneos*]" = "iPhone Developer";
				COPY_PHASE_STRIP = NO;
				DEBUG_INFORMATION_FORMAT = "dwarf-with-dsym";
				ENABLE_NS_ASSERTIONS = NO;
				ENABLE_STRICT_OBJC_MSGSEND = YES;
				GCC_C_LANGUAGE_STANDARD = gnu99;
				GCC_NO_COMMON_BLOCKS = YES;
				GCC_WARN_64_TO_32_BIT_CONVERSION = YES;
				GCC_WARN_ABOUT_RETURN_TYPE = YES_ERROR;
				GCC_WARN_UNDECLARED_SELECTOR = YES;
				GCC_WARN_UNINITIALIZED_AUTOS = YES_AGGRESSIVE;
				GCC_WARN_UNUSED_FUNCTION = YES;
				GCC_WARN_UNUSED_VARIABLE = YES;
				IPHONEOS_DEPLOYMENT_TARGET = 9.3;
				MTL_ENABLE_DEBUG_INFO = NO;
				SDKROOT = iphoneos;
				TARGETED_DEVICE_FAMILY = "1,2";
				VALIDATE_PRODUCT = YES;
			};
			name = Release;
		};
		8452A4FE1CA6511300BFDB57 /* Debug */ = {
			isa = XCBuildConfiguration;
			buildSettings = {
				ASSETCATALOG_COMPILER_APPICON_NAME = AppIcon;
				ASSETCATALOG_COMPILER_LAUNCHIMAGE_NAME = LaunchImage;
				INFOPLIST_FILE = YJTableViewFactory/Info.plist;
				IPHONEOS_DEPLOYMENT_TARGET = 6.0;
				LD_RUNPATH_SEARCH_PATHS = "$(inherited) @executable_path/Frameworks";
				PRODUCT_BUNDLE_IDENTIFIER = com.YJFactory.YJTableViewFactory;
				PRODUCT_NAME = "$(TARGET_NAME)";
			};
			name = Debug;
		};
		8452A4FF1CA6511300BFDB57 /* Release */ = {
			isa = XCBuildConfiguration;
			buildSettings = {
				ASSETCATALOG_COMPILER_APPICON_NAME = AppIcon;
				ASSETCATALOG_COMPILER_LAUNCHIMAGE_NAME = LaunchImage;
				INFOPLIST_FILE = YJTableViewFactory/Info.plist;
				IPHONEOS_DEPLOYMENT_TARGET = 6.0;
				LD_RUNPATH_SEARCH_PATHS = "$(inherited) @executable_path/Frameworks";
				PRODUCT_BUNDLE_IDENTIFIER = com.YJFactory.YJTableViewFactory;
				PRODUCT_NAME = "$(TARGET_NAME)";
			};
			name = Release;
		};
		8452A5011CA6511300BFDB57 /* Debug */ = {
			isa = XCBuildConfiguration;
			buildSettings = {
				BUNDLE_LOADER = "$(TEST_HOST)";
				INFOPLIST_FILE = YJTableViewFactoryTests/Info.plist;
				LD_RUNPATH_SEARCH_PATHS = "$(inherited) @executable_path/Frameworks @loader_path/Frameworks";
				PRODUCT_BUNDLE_IDENTIFIER = com.YJFactory.YJTableViewFactoryTests;
				PRODUCT_NAME = "$(TARGET_NAME)";
				TEST_HOST = "$(BUILT_PRODUCTS_DIR)/YJTableViewFactory.app/YJTableViewFactory";
			};
			name = Debug;
		};
		8452A5021CA6511300BFDB57 /* Release */ = {
			isa = XCBuildConfiguration;
			buildSettings = {
				BUNDLE_LOADER = "$(TEST_HOST)";
				INFOPLIST_FILE = YJTableViewFactoryTests/Info.plist;
				LD_RUNPATH_SEARCH_PATHS = "$(inherited) @executable_path/Frameworks @loader_path/Frameworks";
				PRODUCT_BUNDLE_IDENTIFIER = com.YJFactory.YJTableViewFactoryTests;
				PRODUCT_NAME = "$(TARGET_NAME)";
				TEST_HOST = "$(BUILT_PRODUCTS_DIR)/YJTableViewFactory.app/YJTableViewFactory";
			};
			name = Release;
		};
		8452A5041CA6511300BFDB57 /* Debug */ = {
			isa = XCBuildConfiguration;
			buildSettings = {
				INFOPLIST_FILE = YJTableViewFactoryUITests/Info.plist;
				LD_RUNPATH_SEARCH_PATHS = "$(inherited) @executable_path/Frameworks @loader_path/Frameworks";
				PRODUCT_BUNDLE_IDENTIFIER = com.YJFactory.YJTableViewFactoryUITests;
				PRODUCT_NAME = "$(TARGET_NAME)";
				TEST_TARGET_NAME = YJTableViewFactory;
			};
			name = Debug;
		};
		8452A5051CA6511300BFDB57 /* Release */ = {
			isa = XCBuildConfiguration;
			buildSettings = {
				INFOPLIST_FILE = YJTableViewFactoryUITests/Info.plist;
				LD_RUNPATH_SEARCH_PATHS = "$(inherited) @executable_path/Frameworks @loader_path/Frameworks";
				PRODUCT_BUNDLE_IDENTIFIER = com.YJFactory.YJTableViewFactoryUITests;
				PRODUCT_NAME = "$(TARGET_NAME)";
				TEST_TARGET_NAME = YJTableViewFactory;
			};
			name = Release;
		};
/* End XCBuildConfiguration section */

/* Begin XCConfigurationList section */
		8452A4CB1CA6511300BFDB57 /* Build configuration list for PBXProject "YJTableViewFactory" */ = {
			isa = XCConfigurationList;
			buildConfigurations = (
				8452A4FB1CA6511300BFDB57 /* Debug */,
				8452A4FC1CA6511300BFDB57 /* Release */,
			);
			defaultConfigurationIsVisible = 0;
			defaultConfigurationName = Release;
		};
		8452A4FD1CA6511300BFDB57 /* Build configuration list for PBXNativeTarget "YJTableViewFactory" */ = {
			isa = XCConfigurationList;
			buildConfigurations = (
				8452A4FE1CA6511300BFDB57 /* Debug */,
				8452A4FF1CA6511300BFDB57 /* Release */,
			);
			defaultConfigurationIsVisible = 0;
			defaultConfigurationName = Release;
		};
		8452A5001CA6511300BFDB57 /* Build configuration list for PBXNativeTarget "YJTableViewFactoryTests" */ = {
			isa = XCConfigurationList;
			buildConfigurations = (
				8452A5011CA6511300BFDB57 /* Debug */,
				8452A5021CA6511300BFDB57 /* Release */,
			);
			defaultConfigurationIsVisible = 0;
			defaultConfigurationName = Release;
		};
		8452A5031CA6511300BFDB57 /* Build configuration list for PBXNativeTarget "YJTableViewFactoryUITests" */ = {
			isa = XCConfigurationList;
			buildConfigurations = (
				8452A5041CA6511300BFDB57 /* Debug */,
				8452A5051CA6511300BFDB57 /* Release */,
			);
			defaultConfigurationIsVisible = 0;
			defaultConfigurationName = Release;
		};
/* End XCConfigurationList section */
	};
	rootObject = 8452A4C81CA6511300BFDB57 /* Project object */;
}
